
Microsoft Visual Studio Solution File, Format Version 11.00
# Visual Studio 2010
Project("{2150E333-8FDC-42A3-9474-1A3956D46DE8}") = "Libary", "Libary", "{6771ED12-560B-492A-8B0C-BA571A7974F4}"
EndProject
Project("{8BC9CEB8-8B4A-11D0-8D11-00A0C91BC942}") = "BMAFrame", "Libary\BMAFrame\BMAFrame.vcxproj", "{6CFAC59D-4A91-4817-9868-A22F8AA75D5F}"
	ProjectSection(ProjectDependencies) = postProject
		{B92A9ACE-D51B-4B18-A1EC-4D216F508C8F} = {B92A9ACE-D51B-4B18-A1EC-4D216F508C8F}
	EndProjectSection
EndProject
Project("{8BC9CEB8-8B4A-11D0-8D11-00A0C91BC942}") = "BMPlatform", "Libary\BMPlatform\BMPlatform.vcxproj", "{B92A9ACE-D51B-4B18-A1EC-4D216F508C8F}"
	ProjectSection(ProjectDependencies) = postProject
		{A0086B8C-6723-4441-98C7-D2BE04EF5E87} = {A0086B8C-6723-4441-98C7-D2BE04EF5E87}
	EndProjectSection
EndProject
Project("{8BC9CEB8-8B4A-11D0-8D11-00A0C91BC942}") = "SecBinPack", "Libary\SecBinPac\SecBinPac.vcxproj", "{80B430B1-4F8D-4705-A550-CE9AEA62B284}"
	ProjectSection(ProjectDependencies) = postProject
		{74CBCBBF-D2C5-42B2-9357-2E5050482BC7} = {74CBCBBF-D2C5-42B2-9357-2E5050482BC7}
	EndProjectSection
EndProject
Project("{8BC9CEB8-8B4A-11D0-8D11-00A0C91BC942}") = "ResearchDownload", "DLoader\ResearchDownload.vcxproj", "{3D522F1D-3FD0-48DF-80CD-28A734CC9D73}"
	ProjectSection(ProjectDependencies) = postProject
		{6CFAC59D-4A91-4817-9868-A22F8AA75D5F} = {6CFAC59D-4A91-4817-9868-A22F8AA75D5F}
		{80B430B1-4F8D-4705-A550-CE9AEA62B284} = {80B430B1-4F8D-4705-A550-CE9AEA62B284}
		{B92A9ACE-D51B-4B18-A1EC-4D216F508C8F} = {B92A9ACE-D51B-4B18-A1EC-4D216F508C8F}
	EndProjectSection
EndProject
Project("{8BC9CEB8-8B4A-11D0-8D11-00A0C91BC942}") = "FactoryDownload", "DLoader\FactoryDownload.vcxproj", "{CA7F6822-0A36-4674-8B83-C40321226B23}"
	ProjectSection(ProjectDependencies) = postProject
		{3D522F1D-3FD0-48DF-80CD-28A734CC9D73} = {3D522F1D-3FD0-48DF-80CD-28A734CC9D73}
	EndProjectSection
EndProject
Project("{8BC9CEB8-8B4A-11D0-8D11-00A0C91BC942}") = "UpgradeDownload", "DLoader\UpgradeDownload.vcxproj", "{D9C59A1D-621E-482A-97D3-EF65A2BADE85}"
	ProjectSection(ProjectDependencies) = postProject
		{CA7F6822-0A36-4674-8B83-C40321226B23} = {CA7F6822-0A36-4674-8B83-C40321226B23}
	EndProjectSection
EndProject
Project("{8BC9CEB8-8B4A-11D0-8D11-00A0C91BC942}") = "Codec", "Libary\Codec\Codec.vcxproj", "{A0086B8C-6723-4441-98C7-D2BE04EF5E87}"
EndProject
Project("{8BC9CEB8-8B4A-11D0-8D11-00A0C91BC942}") = "Sparce2Raw", "Libary\Sparce2Raw\Sparce2Raw.vcxproj", "{74CBCBBF-D2C5-42B2-9357-2E5050482BC7}"
EndProject
Global
	GlobalSection(SolutionConfigurationPlatforms) = preSolution
		Debug|Win32 = Debug|Win32
		Release|Win32 = Release|Win32
	EndGlobalSection
	GlobalSection(ProjectConfigurationPlatforms) = postSolution
		{6CFAC59D-4A91-4817-9868-A22F8AA75D5F}.Debug|Win32.ActiveCfg = Debug|Win32
		{6CFAC59D-4A91-4817-9868-A22F8AA75D5F}.Debug|Win32.Build.0 = Debug|Win32
		{6CFAC59D-4A91-4817-9868-A22F8AA75D5F}.Release|Win32.ActiveCfg = Release|Win32
		{6CFAC59D-4A91-4817-9868-A22F8AA75D5F}.Release|Win32.Build.0 = Release|Win32
		{B92A9ACE-D51B-4B18-A1EC-4D216F508C8F}.Debug|Win32.ActiveCfg = Debug|Win32
		{B92A9ACE-D51B-4B18-A1EC-4D216F508C8F}.Debug|Win32.Build.0 = Debug|Win32
		{B92A9ACE-D51B-4B18-A1EC-4D216F508C8F}.Release|Win32.ActiveCfg = Release|Win32
		{B92A9ACE-D51B-4B18-A1EC-4D216F508C8F}.Release|Win32.Build.0 = Release|Win32
		{80B430B1-4F8D-4705-A550-CE9AEA62B284}.Debug|Win32.ActiveCfg = Debug|Win32
		{80B430B1-4F8D-4705-A550-CE9AEA62B284}.Debug|Win32.Build.0 = Debug|Win32
		{80B430B1-4F8D-4705-A550-CE9AEA62B284}.Release|Win32.ActiveCfg = Release|Win32
		{80B430B1-4F8D-4705-A550-CE9AEA62B284}.Release|Win32.Build.0 = Release|Win32
		{3D522F1D-3FD0-48DF-80CD-28A734CC9D73}.Debug|Win32.ActiveCfg = Debug|Win32
		{3D522F1D-3FD0-48DF-80CD-28A734CC9D73}.Debug|Win32.Build.0 = Debug|Win32
		{3D522F1D-3FD0-48DF-80CD-28A734CC9D73}.Release|Win32.ActiveCfg = Release|Win32
		{3D522F1D-3FD0-48DF-80CD-28A734CC9D73}.Release|Win32.Build.0 = Release|Win32
		{CA7F6822-0A36-4674-8B83-C40321226B23}.Debug|Win32.ActiveCfg = Debug|Win32
		{CA7F6822-0A36-4674-8B83-C40321226B23}.Debug|Win32.Build.0 = Debug|Win32
		{CA7F6822-0A36-4674-8B83-C40321226B23}.Release|Win32.ActiveCfg = Release|Win32
		{CA7F6822-0A36-4674-8B83-C40321226B23}.Release|Win32.Build.0 = Release|Win32
		{D9C59A1D-621E-482A-97D3-EF65A2BADE85}.Debug|Win32.ActiveCfg = Debug|Win32
		{D9C59A1D-621E-482A-97D3-EF65A2BADE85}.Debug|Win32.Build.0 = Debug|Win32
		{D9C59A1D-621E-482A-97D3-EF65A2BADE85}.Release|Win32.ActiveCfg = Release|Win32
		{D9C59A1D-621E-482A-97D3-EF65A2BADE85}.Release|Win32.Build.0 = Release|Win32
		{A0086B8C-6723-4441-98C7-D2BE04EF5E87}.Debug|Win32.ActiveCfg = Debug|Win32
		{A0086B8C-6723-4441-98C7-D2BE04EF5E87}.Debug|Win32.Build.0 = Debug|Win32
		{A0086B8C-6723-4441-98C7-D2BE04EF5E87}.Release|Win32.ActiveCfg = Release|Win32
		{A0086B8C-6723-4441-98C7-D2BE04EF5E87}.Release|Win32.Build.0 = Release|Win32
		{74CBCBBF-D2C5-42B2-9357-2E5050482BC7}.Debug|Win32.ActiveCfg = Debug|Win32
		{74CBCBBF-D2C5-42B2-9357-2E5050482BC7}.Debug|Win32.Build.0 = Debug|Win32
		{74CBCBBF-D2C5-42B2-9357-2E5050482BC7}.Release|Win32.ActiveCfg = Release|Win32
		{74CBCBBF-D2C5-42B2-9357-2E5050482BC7}.Release|Win32.Build.0 = Release|Win32
	EndGlobalSection
	GlobalSection(SolutionProperties) = preSolution
		HideSolutionNode = FALSE
	EndGlobalSection
	GlobalSection(NestedProjects) = preSolution
		{6CFAC59D-4A91-4817-9868-A22F8AA75D5F} = {6771ED12-560B-492A-8B0C-BA571A7974F4}
		{B92A9ACE-D51B-4B18-A1EC-4D216F508C8F} = {6771ED12-560B-492A-8B0C-BA571A7974F4}
		{80B430B1-4F8D-4705-A550-CE9AEA62B284} = {6771ED12-560B-492A-8B0C-BA571A7974F4}
		{A0086B8C-6723-4441-98C7-D2BE04EF5E87} = {6771ED12-560B-492A-8B0C-BA571A7974F4}
		{74CBCBBF-D2C5-42B2-9357-2E5050482BC7} = {6771ED12-560B-492A-8B0C-BA571A7974F4}
	EndGlobalSection
EndGlobal
