<?xml version="1.0" encoding="utf-8"?>
<Project ToolsVersion="4.0" xmlns="http://schemas.microsoft.com/developer/msbuild/2003">
  <ItemGroup>
    <Filter Include="Source Files">
      <UniqueIdentifier>{0dbd0a82-72b0-4b13-8752-571c2cc3ce2d}</UniqueIdentifier>
      <Extensions>cpp;c;cxx;rc;def;r;odl;idl;hpj;bat</Extensions>
    </Filter>
    <Filter Include="Header Files">
      <UniqueIdentifier>{0960df30-997b-4406-8a0c-2008f8d4b832}</UniqueIdentifier>
      <Extensions>h;hpp;hxx;hm;inl</Extensions>
    </Filter>
    <Filter Include="Resource Files">
      <UniqueIdentifier>{dec1718a-0439-411d-b070-7c61cd254e55}</UniqueIdentifier>
      <Extensions>ico;cur;bmp;dlg;rc2;rct;bin;rgs;gif;jpg;jpeg;jpe</Extensions>
    </Filter>
    <Filter Include="Tr">
      <UniqueIdentifier>{177de96c-6f12-44f1-aed1-ffda4ea04cbf}</UniqueIdentifier>
    </Filter>
  </ItemGroup>
  <ItemGroup>
    <ClCompile Include="BMFileImpl.cpp">
      <Filter>Source Files</Filter>
    </ClCompile>
    <ClCompile Include="BMPackage.cpp">
      <Filter>Source Files</Filter>
    </ClCompile>
    <ClCompile Include="BMPlatform.cpp">
      <Filter>Source Files</Filter>
    </ClCompile>
    <ClCompile Include="BootModeIntegOpr.cpp">
      <Filter>Source Files</Filter>
    </ClCompile>
    <ClCompile Include="BootModeObj.cpp">
      <Filter>Source Files</Filter>
    </ClCompile>
    <ClCompile Include="BootModeObject.cpp">
      <Filter>Source Files</Filter>
    </ClCompile>
    <ClCompile Include="BootModeOpr.cpp">
      <Filter>Source Files</Filter>
    </ClCompile>
    <ClCompile Include="crc16.c">
      <Filter>Source Files</Filter>
    </ClCompile>
    <ClCompile Include="DLFile.cpp">
      <Filter>Source Files</Filter>
    </ClCompile>
    <ClCompile Include="HostProtocol.cpp">
      <Filter>Source Files</Filter>
    </ClCompile>
    <ClCompile Include="IBMFile.cpp">
      <Filter>Source Files</Filter>
    </ClCompile>
    <ClCompile Include="OptionHelpper.cpp">
      <Filter>Source Files</Filter>
    </ClCompile>
    <ClCompile Include="PacketThread.cpp">
      <Filter>Source Files</Filter>
    </ClCompile>
    <ClCompile Include="StdAfx.cpp">
      <Filter>Source Files</Filter>
    </ClCompile>
    <ClCompile Include="..\..\Common\Include\hash\sha256.c">
      <Filter>Source Files</Filter>
    </ClCompile>
    <ClCompile Include="DaInfo.cpp">
      <Filter>Source Files</Filter>
    </ClCompile>
    <ClCompile Include="..\..\Common\Include\Tr\Tr.cpp">
      <Filter>Tr</Filter>
    </ClCompile>
  </ItemGroup>
  <ItemGroup>
    <None Include="res\BMPlatform.rc2">
      <Filter>Resource Files</Filter>
    </None>
    <None Include="ReadMe.txt" />
    <None Include="BMPlatform9.def" />
  </ItemGroup>
  <ItemGroup>
    <ClInclude Include="BMFileImpl.h">
      <Filter>Header Files</Filter>
    </ClInclude>
    <ClInclude Include="BMPackage.h">
      <Filter>Header Files</Filter>
    </ClInclude>
    <ClInclude Include="BMPlatform.h">
      <Filter>Header Files</Filter>
    </ClInclude>
    <ClInclude Include="BootModeIntegOpr.h">
      <Filter>Header Files</Filter>
    </ClInclude>
    <ClInclude Include="BootModeObj.h">
      <Filter>Header Files</Filter>
    </ClInclude>
    <ClInclude Include="BootModeObject.h">
      <Filter>Header Files</Filter>
    </ClInclude>
    <ClInclude Include="BootModeOpr.h">
      <Filter>Header Files</Filter>
    </ClInclude>
    <ClInclude Include="crc16.h">
      <Filter>Header Files</Filter>
    </ClInclude>
    <ClInclude Include="DLFile.h">
      <Filter>Header Files</Filter>
    </ClInclude>
    <ClInclude Include="HostProtocol.h">
      <Filter>Header Files</Filter>
    </ClInclude>
    <ClInclude Include="OptionHelpper.h">
      <Filter>Header Files</Filter>
    </ClInclude>
    <ClInclude Include="PacketThread.h">
      <Filter>Header Files</Filter>
    </ClInclude>
    <ClInclude Include="Resource.h">
      <Filter>Header Files</Filter>
    </ClInclude>
    <ClInclude Include="StdAfx.h">
      <Filter>Header Files</Filter>
    </ClInclude>
    <ClInclude Include="..\..\Common\Include\hash\sha256.h">
      <Filter>Header Files</Filter>
    </ClInclude>
    <ClInclude Include="DaInfo.h">
      <Filter>Header Files</Filter>
    </ClInclude>
    <ClInclude Include="..\..\Common\Include\Global.h">
      <Filter>Header Files</Filter>
    </ClInclude>
    <ClInclude Include="..\..\Common\Include\Tr\Tr.h">
      <Filter>Tr</Filter>
    </ClInclude>
    <ClInclude Include="..\..\Common\Include\Tr\ISpLogExport.h">
      <Filter>Tr</Filter>
    </ClInclude>
    <ClInclude Include="..\..\Common\Include\Tr\global_def.h">
      <Filter>Tr</Filter>
    </ClInclude>
  </ItemGroup>
  <ItemGroup>
    <ResourceCompile Include="BMPlatform.rc">
      <Filter>Resource Files</Filter>
    </ResourceCompile>
  </ItemGroup>
</Project>